
Microsoft Visual Studio Solution File, Format Version 12.00
# Visual Studio Version 17
VisualStudioVersion = 17.9.34607.119
MinimumVisualStudioVersion = 10.0.40219.1
Project("{FAE04EC0-301F-11D3-BF4B-00C04F79EFBC}") = "BankAccountApp", "BankAccount\BankAccountApp.csproj", "{BCEB6845-E3ED-426B-AA35-B723EC7626D9}"
EndProject
Project("{FAE04EC0-301F-11D3-BF4B-00C04F79EFBC}") = "BankAccountLibrary", "BankAccountLibrary\BankAccountLibrary.csproj", "{10001F7D-3C1D-425A-9C03-C4C519F00A93}"
EndProject
Global
	GlobalSection(SolutionConfigurationPlatforms) = preSolution
		Debug|Any CPU = Debug|Any CPU
		Release|Any CPU = Release|Any CPU
	EndGlobalSection
	GlobalSection(ProjectConfigurationPlatforms) = postSolution
		{BCEB6845-E3ED-426B-AA35-B723EC7626D9}.Debug|Any CPU.ActiveCfg = Debug|Any CPU
		{BCEB6845-E3ED-426B-AA35-B723EC7626D9}.Debug|Any CPU.Build.0 = Debug|Any CPU
		{BCEB6845-E3ED-426B-AA35-B723EC7626D9}.Release|Any CPU.ActiveCfg = Release|Any CPU
		{BCEB6845-E3ED-426B-AA35-B723EC7626D9}.Release|Any CPU.Build.0 = Release|Any CPU
		{10001F7D-3C1D-425A-9C03-C4C519F00A93}.Debug|Any CPU.ActiveCfg = Debug|Any CPU
		{10001F7D-3C1D-425A-9C03-C4C519F00A93}.Debug|Any CPU.Build.0 = Debug|Any CPU
		{10001F7D-3C1D-425A-9C03-C4C519F00A93}.Release|Any CPU.ActiveCfg = Release|Any CPU
		{10001F7D-3C1D-425A-9C03-C4C519F00A93}.Release|Any CPU.Build.0 = Release|Any CPU
	EndGlobalSection
	GlobalSection(SolutionProperties) = preSolution
		HideSolutionNode = FALSE
	EndGlobalSection
	GlobalSection(ExtensibilityGlobals) = postSolution
		SolutionGuid = {24B76AA3-5137-475C-A5BB-96C8CFF33976}
	EndGlobalSection
EndGlobal
